// !$*UTF8*$!
{
	archiveVersion = 1;
	classes = {
	};
	objectVersion = 56;
	objects = {

/* Begin PBXBuildFile section */
		2E1DCD1E2BC830D1001C2B97 /* RijksmuseumServiceImpl.swift in Sources */ = {isa = PBXBuildFile; fileRef = 2E1DCD1D2BC830D1001C2B97 /* RijksmuseumServiceImpl.swift */; };
		2E1DCD222BC92F84001C2B97 /* RijksmuseumResponse.swift in Sources */ = {isa = PBXBuildFile; fileRef = 2E1DCD212BC92F84001C2B97 /* RijksmuseumResponse.swift */; };
		2E1DCD242BC92FB0001C2B97 /* ArtObject.swift in Sources */ = {isa = PBXBuildFile; fileRef = 2E1DCD232BC92FB0001C2B97 /* ArtObject.swift */; };
		2E1DCD262BC92FE4001C2B97 /* Links.swift in Sources */ = {isa = PBXBuildFile; fileRef = 2E1DCD252BC92FE4001C2B97 /* Links.swift */; };
		2E1DCD282BC92FF3001C2B97 /* ArtImage.swift in Sources */ = {isa = PBXBuildFile; fileRef = 2E1DCD272BC92FF3001C2B97 /* ArtImage.swift */; };
		2E1DCD2A2BC93BBD001C2B97 /* RijksmuseumService.swift in Sources */ = {isa = PBXBuildFile; fileRef = 2E1DCD292BC93BBD001C2B97 /* RijksmuseumService.swift */; };
		2E1DCD2D2BC94163001C2B97 /* RijksmuseumListViewModel.swift in Sources */ = {isa = PBXBuildFile; fileRef = 2E1DCD2C2BC94163001C2B97 /* RijksmuseumListViewModel.swift */; };
		2E1DCD2F2BC983C9001C2B97 /* URLSessionProtocol.swift in Sources */ = {isa = PBXBuildFile; fileRef = 2E1DCD2E2BC983C9001C2B97 /* URLSessionProtocol.swift */; };
		2E1DCD332BC9862E001C2B97 /* URLSession+URLSessionProtocol.swift in Sources */ = {isa = PBXBuildFile; fileRef = 2E1DCD322BC9862E001C2B97 /* URLSession+URLSessionProtocol.swift */; };
		2E1DCD382BCAA17E001C2B97 /* RijksmuseumServiceTests.swift in Sources */ = {isa = PBXBuildFile; fileRef = 2E1DCD372BCAA17E001C2B97 /* RijksmuseumServiceTests.swift */; };
		2E1DCD392BCAA1C6001C2B97 /* RijksmuseumService.swift in Sources */ = {isa = PBXBuildFile; fileRef = 2E1DCD292BC93BBD001C2B97 /* RijksmuseumService.swift */; };
		2E1DCD3A2BCAA1CD001C2B97 /* RijksmuseumServiceImpl.swift in Sources */ = {isa = PBXBuildFile; fileRef = 2E1DCD1D2BC830D1001C2B97 /* RijksmuseumServiceImpl.swift */; };
		2E1DCD3B2BCAA1D1001C2B97 /* URLSessionProtocol.swift in Sources */ = {isa = PBXBuildFile; fileRef = 2E1DCD2E2BC983C9001C2B97 /* URLSessionProtocol.swift */; };
		2E1DCD3C2BCAA1D7001C2B97 /* URLSession+URLSessionProtocol.swift in Sources */ = {isa = PBXBuildFile; fileRef = 2E1DCD322BC9862E001C2B97 /* URLSession+URLSessionProtocol.swift */; };
		2E32E4382BC6E32C00D5E4E1 /* rijksmuseum_iosApp.swift in Sources */ = {isa = PBXBuildFile; fileRef = 2E32E4372BC6E32C00D5E4E1 /* rijksmuseum_iosApp.swift */; };
		2E32E43A2BC6E32C00D5E4E1 /* ContentView.swift in Sources */ = {isa = PBXBuildFile; fileRef = 2E32E4392BC6E32C00D5E4E1 /* ContentView.swift */; };
		2E32E43C2BC6E32F00D5E4E1 /* Assets.xcassets in Resources */ = {isa = PBXBuildFile; fileRef = 2E32E43B2BC6E32F00D5E4E1 /* Assets.xcassets */; };
		2E32E43F2BC6E32F00D5E4E1 /* Preview Assets.xcassets in Resources */ = {isa = PBXBuildFile; fileRef = 2E32E43E2BC6E32F00D5E4E1 /* Preview Assets.xcassets */; };
		2E32E4492BC6E32F00D5E4E1 /* rijksmuseum_iosTests.swift in Sources */ = {isa = PBXBuildFile; fileRef = 2E32E4482BC6E32F00D5E4E1 /* rijksmuseum_iosTests.swift */; };
		2E32E4532BC6E32F00D5E4E1 /* rijksmuseum_iosUITests.swift in Sources */ = {isa = PBXBuildFile; fileRef = 2E32E4522BC6E32F00D5E4E1 /* rijksmuseum_iosUITests.swift */; };
		2E32E4552BC6E32F00D5E4E1 /* rijksmuseum_iosUITestsLaunchTests.swift in Sources */ = {isa = PBXBuildFile; fileRef = 2E32E4542BC6E32F00D5E4E1 /* rijksmuseum_iosUITestsLaunchTests.swift */; };
		2E48BE152BD024D100C53D88 /* ArtObject.swift in Sources */ = {isa = PBXBuildFile; fileRef = 2E1DCD232BC92FB0001C2B97 /* ArtObject.swift */; };
		2E48BE162BD024D800C53D88 /* RijksmuseumResponse.swift in Sources */ = {isa = PBXBuildFile; fileRef = 2E1DCD212BC92F84001C2B97 /* RijksmuseumResponse.swift */; };
		2E48BE172BD024DF00C53D88 /* ArtImage.swift in Sources */ = {isa = PBXBuildFile; fileRef = 2E1DCD272BC92FF3001C2B97 /* ArtImage.swift */; };
		2E48BE182BD024E500C53D88 /* Links.swift in Sources */ = {isa = PBXBuildFile; fileRef = 2E1DCD252BC92FE4001C2B97 /* Links.swift */; };
		2E4BD30C2BCDA06500C88682 /* Quick in Frameworks */ = {isa = PBXBuildFile; productRef = 2E4BD30B2BCDA06500C88682 /* Quick */; };
		2E4BD30F2BCDA07600C88682 /* Nimble in Frameworks */ = {isa = PBXBuildFile; productRef = 2E4BD30E2BCDA07600C88682 /* Nimble */; };
/* End PBXBuildFile section */

/* Begin PBXContainerItemProxy section */
		2E32E4452BC6E32F00D5E4E1 /* PBXContainerItemProxy */ = {
			isa = PBXContainerItemProxy;
			containerPortal = 2E32E42C2BC6E32C00D5E4E1 /* Project object */;
			proxyType = 1;
			remoteGlobalIDString = 2E32E4332BC6E32C00D5E4E1;
			remoteInfo = rijksmuseum_ios;
		};
		2E32E44F2BC6E32F00D5E4E1 /* PBXContainerItemProxy */ = {
			isa = PBXContainerItemProxy;
			containerPortal = 2E32E42C2BC6E32C00D5E4E1 /* Project object */;
			proxyType = 1;
			remoteGlobalIDString = 2E32E4332BC6E32C00D5E4E1;
			remoteInfo = rijksmuseum_ios;
		};
/* End PBXContainerItemProxy section */

/* Begin PBXFileReference section */
		2E1DCD1D2BC830D1001C2B97 /* RijksmuseumServiceImpl.swift */ = {isa = PBXFileReference; lastKnownFileType = sourcecode.swift; path = RijksmuseumServiceImpl.swift; sourceTree = "<group>"; };
		2E1DCD212BC92F84001C2B97 /* RijksmuseumResponse.swift */ = {isa = PBXFileReference; lastKnownFileType = sourcecode.swift; path = RijksmuseumResponse.swift; sourceTree = "<group>"; };
		2E1DCD232BC92FB0001C2B97 /* ArtObject.swift */ = {isa = PBXFileReference; lastKnownFileType = sourcecode.swift; path = ArtObject.swift; sourceTree = "<group>"; };
		2E1DCD252BC92FE4001C2B97 /* Links.swift */ = {isa = PBXFileReference; lastKnownFileType = sourcecode.swift; path = Links.swift; sourceTree = "<group>"; };
		2E1DCD272BC92FF3001C2B97 /* ArtImage.swift */ = {isa = PBXFileReference; lastKnownFileType = sourcecode.swift; path = ArtImage.swift; sourceTree = "<group>"; };
		2E1DCD292BC93BBD001C2B97 /* RijksmuseumService.swift */ = {isa = PBXFileReference; lastKnownFileType = sourcecode.swift; path = RijksmuseumService.swift; sourceTree = "<group>"; };
		2E1DCD2C2BC94163001C2B97 /* RijksmuseumListViewModel.swift */ = {isa = PBXFileReference; lastKnownFileType = sourcecode.swift; path = RijksmuseumListViewModel.swift; sourceTree = "<group>"; };
		2E1DCD2E2BC983C9001C2B97 /* URLSessionProtocol.swift */ = {isa = PBXFileReference; lastKnownFileType = sourcecode.swift; path = URLSessionProtocol.swift; sourceTree = "<group>"; };
		2E1DCD322BC9862E001C2B97 /* URLSession+URLSessionProtocol.swift */ = {isa = PBXFileReference; lastKnownFileType = sourcecode.swift; path = "URLSession+URLSessionProtocol.swift"; sourceTree = "<group>"; };
		2E1DCD372BCAA17E001C2B97 /* RijksmuseumServiceTests.swift */ = {isa = PBXFileReference; lastKnownFileType = sourcecode.swift; path = RijksmuseumServiceTests.swift; sourceTree = "<group>"; };
		2E32E4342BC6E32C00D5E4E1 /* rijksmuseum_ios.app */ = {isa = PBXFileReference; explicitFileType = wrapper.application; includeInIndex = 0; path = rijksmuseum_ios.app; sourceTree = BUILT_PRODUCTS_DIR; };
		2E32E4372BC6E32C00D5E4E1 /* rijksmuseum_iosApp.swift */ = {isa = PBXFileReference; lastKnownFileType = sourcecode.swift; path = rijksmuseum_iosApp.swift; sourceTree = "<group>"; };
		2E32E4392BC6E32C00D5E4E1 /* ContentView.swift */ = {isa = PBXFileReference; lastKnownFileType = sourcecode.swift; path = ContentView.swift; sourceTree = "<group>"; };
		2E32E43B2BC6E32F00D5E4E1 /* Assets.xcassets */ = {isa = PBXFileReference; lastKnownFileType = folder.assetcatalog; path = Assets.xcassets; sourceTree = "<group>"; };
		2E32E43E2BC6E32F00D5E4E1 /* Preview Assets.xcassets */ = {isa = PBXFileReference; lastKnownFileType = folder.assetcatalog; path = "Preview Assets.xcassets"; sourceTree = "<group>"; };
		2E32E4442BC6E32F00D5E4E1 /* rijksmuseum_iosTests.xctest */ = {isa = PBXFileReference; explicitFileType = wrapper.cfbundle; includeInIndex = 0; path = rijksmuseum_iosTests.xctest; sourceTree = BUILT_PRODUCTS_DIR; };
		2E32E4482BC6E32F00D5E4E1 /* rijksmuseum_iosTests.swift */ = {isa = PBXFileReference; lastKnownFileType = sourcecode.swift; path = rijksmuseum_iosTests.swift; sourceTree = "<group>"; };
		2E32E44E2BC6E32F00D5E4E1 /* rijksmuseum_iosUITests.xctest */ = {isa = PBXFileReference; explicitFileType = wrapper.cfbundle; includeInIndex = 0; path = rijksmuseum_iosUITests.xctest; sourceTree = BUILT_PRODUCTS_DIR; };
		2E32E4522BC6E32F00D5E4E1 /* rijksmuseum_iosUITests.swift */ = {isa = PBXFileReference; lastKnownFileType = sourcecode.swift; path = rijksmuseum_iosUITests.swift; sourceTree = "<group>"; };
		2E32E4542BC6E32F00D5E4E1 /* rijksmuseum_iosUITestsLaunchTests.swift */ = {isa = PBXFileReference; lastKnownFileType = sourcecode.swift; path = rijksmuseum_iosUITestsLaunchTests.swift; sourceTree = "<group>"; };
/* End PBXFileReference section */

/* Begin PBXFrameworksBuildPhase section */
		2E32E4312BC6E32C00D5E4E1 /* Frameworks */ = {
			isa = PBXFrameworksBuildPhase;
			buildActionMask = 2147483647;
			files = (
			);
			runOnlyForDeploymentPostprocessing = 0;
		};
		2E32E4412BC6E32F00D5E4E1 /* Frameworks */ = {
			isa = PBXFrameworksBuildPhase;
			buildActionMask = 2147483647;
			files = (
				2E4BD30C2BCDA06500C88682 /* Quick in Frameworks */,
				2E4BD30F2BCDA07600C88682 /* Nimble in Frameworks */,
			);
			runOnlyForDeploymentPostprocessing = 0;
		};
		2E32E44B2BC6E32F00D5E4E1 /* Frameworks */ = {
			isa = PBXFrameworksBuildPhase;
			buildActionMask = 2147483647;
			files = (
			);
			runOnlyForDeploymentPostprocessing = 0;
		};
/* End PBXFrameworksBuildPhase section */

/* Begin PBXGroup section */
		2E1DCD1C2BC8309E001C2B97 /* Services */ = {
			isa = PBXGroup;
			children = (
				2E1DCD312BC9860B001C2B97 /* Extensions */,
				2E1DCD1D2BC830D1001C2B97 /* RijksmuseumServiceImpl.swift */,
				2E1DCD292BC93BBD001C2B97 /* RijksmuseumService.swift */,
				2E1DCD2E2BC983C9001C2B97 /* URLSessionProtocol.swift */,
			);
			path = Services;
			sourceTree = "<group>";
		};
		2E1DCD1F2BC92F61001C2B97 /* Models */ = {
			isa = PBXGroup;
			children = (
				2E1DCD212BC92F84001C2B97 /* RijksmuseumResponse.swift */,
				2E1DCD232BC92FB0001C2B97 /* ArtObject.swift */,
				2E1DCD252BC92FE4001C2B97 /* Links.swift */,
				2E1DCD272BC92FF3001C2B97 /* ArtImage.swift */,
			);
			path = Models;
			sourceTree = "<group>";
		};
		2E1DCD2B2BC94148001C2B97 /* ViewModels */ = {
			isa = PBXGroup;
			children = (
				2E1DCD2C2BC94163001C2B97 /* RijksmuseumListViewModel.swift */,
			);
			path = ViewModels;
			sourceTree = "<group>";
		};
		2E1DCD312BC9860B001C2B97 /* Extensions */ = {
			isa = PBXGroup;
			children = (
				2E1DCD322BC9862E001C2B97 /* URLSession+URLSessionProtocol.swift */,
			);
			path = Extensions;
			sourceTree = "<group>";
		};
		2E32E42B2BC6E32C00D5E4E1 = {
			isa = PBXGroup;
			children = (
				2E32E4362BC6E32C00D5E4E1 /* rijksmuseum_ios */,
				2E32E4472BC6E32F00D5E4E1 /* rijksmuseum_iosTests */,
				2E32E4512BC6E32F00D5E4E1 /* rijksmuseum_iosUITests */,
				2E32E4352BC6E32C00D5E4E1 /* Products */,
			);
			sourceTree = "<group>";
		};
		2E32E4352BC6E32C00D5E4E1 /* Products */ = {
			isa = PBXGroup;
			children = (
				2E32E4342BC6E32C00D5E4E1 /* rijksmuseum_ios.app */,
				2E32E4442BC6E32F00D5E4E1 /* rijksmuseum_iosTests.xctest */,
				2E32E44E2BC6E32F00D5E4E1 /* rijksmuseum_iosUITests.xctest */,
			);
			name = Products;
			sourceTree = "<group>";
		};
		2E32E4362BC6E32C00D5E4E1 /* rijksmuseum_ios */ = {
			isa = PBXGroup;
			children = (
				2E1DCD2B2BC94148001C2B97 /* ViewModels */,
				2E1DCD1F2BC92F61001C2B97 /* Models */,
				2E1DCD1C2BC8309E001C2B97 /* Services */,
				2E32E4372BC6E32C00D5E4E1 /* rijksmuseum_iosApp.swift */,
				2E32E4392BC6E32C00D5E4E1 /* ContentView.swift */,
				2E32E43B2BC6E32F00D5E4E1 /* Assets.xcassets */,
				2E32E43D2BC6E32F00D5E4E1 /* Preview Content */,
			);
			path = rijksmuseum_ios;
			sourceTree = "<group>";
		};
		2E32E43D2BC6E32F00D5E4E1 /* Preview Content */ = {
			isa = PBXGroup;
			children = (
				2E32E43E2BC6E32F00D5E4E1 /* Preview Assets.xcassets */,
			);
			path = "Preview Content";
			sourceTree = "<group>";
		};
		2E32E4472BC6E32F00D5E4E1 /* rijksmuseum_iosTests */ = {
			isa = PBXGroup;
			children = (
				2E32E4482BC6E32F00D5E4E1 /* rijksmuseum_iosTests.swift */,
				2E1DCD372BCAA17E001C2B97 /* RijksmuseumServiceTests.swift */,
			);
			path = rijksmuseum_iosTests;
			sourceTree = "<group>";
		};
		2E32E4512BC6E32F00D5E4E1 /* rijksmuseum_iosUITests */ = {
			isa = PBXGroup;
			children = (
				2E32E4522BC6E32F00D5E4E1 /* rijksmuseum_iosUITests.swift */,
				2E32E4542BC6E32F00D5E4E1 /* rijksmuseum_iosUITestsLaunchTests.swift */,
			);
			path = rijksmuseum_iosUITests;
			sourceTree = "<group>";
		};
/* End PBXGroup section */

/* Begin PBXNativeTarget section */
		2E32E4332BC6E32C00D5E4E1 /* rijksmuseum_ios */ = {
			isa = PBXNativeTarget;
			buildConfigurationList = 2E32E4582BC6E32F00D5E4E1 /* Build configuration list for PBXNativeTarget "rijksmuseum_ios" */;
			buildPhases = (
				2E32E4302BC6E32C00D5E4E1 /* Sources */,
				2E32E4312BC6E32C00D5E4E1 /* Frameworks */,
				2E32E4322BC6E32C00D5E4E1 /* Resources */,
			);
			buildRules = (
			);
			dependencies = (
			);
			name = rijksmuseum_ios;
			packageProductDependencies = (
			);
			productName = rijksmuseum_ios;
			productReference = 2E32E4342BC6E32C00D5E4E1 /* rijksmuseum_ios.app */;
			productType = "com.apple.product-type.application";
		};
		2E32E4432BC6E32F00D5E4E1 /* rijksmuseum_iosTests */ = {
			isa = PBXNativeTarget;
			buildConfigurationList = 2E32E45B2BC6E32F00D5E4E1 /* Build configuration list for PBXNativeTarget "rijksmuseum_iosTests" */;
			buildPhases = (
				2E32E4402BC6E32F00D5E4E1 /* Sources */,
				2E32E4412BC6E32F00D5E4E1 /* Frameworks */,
				2E32E4422BC6E32F00D5E4E1 /* Resources */,
			);
			buildRules = (
			);
			dependencies = (
				2E32E4462BC6E32F00D5E4E1 /* PBXTargetDependency */,
			);
			name = rijksmuseum_iosTests;
			packageProductDependencies = (
				2E4BD30B2BCDA06500C88682 /* Quick */,
				2E4BD30E2BCDA07600C88682 /* Nimble */,
			);
			productName = rijksmuseum_iosTests;
			productReference = 2E32E4442BC6E32F00D5E4E1 /* rijksmuseum_iosTests.xctest */;
			productType = "com.apple.product-type.bundle.unit-test";
		};
		2E32E44D2BC6E32F00D5E4E1 /* rijksmuseum_iosUITests */ = {
			isa = PBXNativeTarget;
			buildConfigurationList = 2E32E45E2BC6E32F00D5E4E1 /* Build configuration list for PBXNativeTarget "rijksmuseum_iosUITests" */;
			buildPhases = (
				2E32E44A2BC6E32F00D5E4E1 /* Sources */,
				2E32E44B2BC6E32F00D5E4E1 /* Frameworks */,
				2E32E44C2BC6E32F00D5E4E1 /* Resources */,
			);
			buildRules = (
			);
			dependencies = (
				2E32E4502BC6E32F00D5E4E1 /* PBXTargetDependency */,
			);
			name = rijksmuseum_iosUITests;
			productName = rijksmuseum_iosUITests;
			productReference = 2E32E44E2BC6E32F00D5E4E1 /* rijksmuseum_iosUITests.xctest */;
			productType = "com.apple.product-type.bundle.ui-testing";
		};
/* End PBXNativeTarget section */

/* Begin PBXProject section */
		2E32E42C2BC6E32C00D5E4E1 /* Project object */ = {
			isa = PBXProject;
			attributes = {
				BuildIndependentTargetsInParallel = 1;
				LastSwiftUpdateCheck = 1520;
				LastUpgradeCheck = 1520;
				TargetAttributes = {
					2E32E4332BC6E32C00D5E4E1 = {
						CreatedOnToolsVersion = 15.2;
					};
					2E32E4432BC6E32F00D5E4E1 = {
						CreatedOnToolsVersion = 15.2;
						TestTargetID = 2E32E4332BC6E32C00D5E4E1;
					};
					2E32E44D2BC6E32F00D5E4E1 = {
						CreatedOnToolsVersion = 15.2;
						TestTargetID = 2E32E4332BC6E32C00D5E4E1;
					};
				};
			};
			buildConfigurationList = 2E32E42F2BC6E32C00D5E4E1 /* Build configuration list for PBXProject "rijksmuseum_ios" */;
			compatibilityVersion = "Xcode 14.0";
			developmentRegion = en;
			hasScannedForEncodings = 0;
			knownRegions = (
				en,
				Base,
			);
			mainGroup = 2E32E42B2BC6E32C00D5E4E1;
			packageReferences = (
				2E4BD30A2BCDA06500C88682 /* XCRemoteSwiftPackageReference "Quick" */,
				2E4BD30D2BCDA07600C88682 /* XCRemoteSwiftPackageReference "Nimble" */,
			);
			productRefGroup = 2E32E4352BC6E32C00D5E4E1 /* Products */;
			projectDirPath = "";
			projectRoot = "";
			targets = (
				2E32E4332BC6E32C00D5E4E1 /* rijksmuseum_ios */,
				2E32E4432BC6E32F00D5E4E1 /* rijksmuseum_iosTests */,
				2E32E44D2BC6E32F00D5E4E1 /* rijksmuseum_iosUITests */,
			);
		};
/* End PBXProject section */

/* Begin PBXResourcesBuildPhase section */
		2E32E4322BC6E32C00D5E4E1 /* Resources */ = {
			isa = PBXResourcesBuildPhase;
			buildActionMask = 2147483647;
			files = (
				2E32E43F2BC6E32F00D5E4E1 /* Preview Assets.xcassets in Resources */,
				2E32E43C2BC6E32F00D5E4E1 /* Assets.xcassets in Resources */,
			);
			runOnlyForDeploymentPostprocessing = 0;
		};
		2E32E4422BC6E32F00D5E4E1 /* Resources */ = {
			isa = PBXResourcesBuildPhase;
			buildActionMask = 2147483647;
			files = (
			);
			runOnlyForDeploymentPostprocessing = 0;
		};
		2E32E44C2BC6E32F00D5E4E1 /* Resources */ = {
			isa = PBXResourcesBuildPhase;
			buildActionMask = 2147483647;
			files = (
			);
			runOnlyForDeploymentPostprocessing = 0;
		};
/* End PBXResourcesBuildPhase section */

/* Begin PBXSourcesBuildPhase section */
		2E32E4302BC6E32C00D5E4E1 /* Sources */ = {
			isa = PBXSourcesBuildPhase;
			buildActionMask = 2147483647;
			files = (
				2E1DCD2F2BC983C9001C2B97 /* URLSessionProtocol.swift in Sources */,
				2E1DCD1E2BC830D1001C2B97 /* RijksmuseumServiceImpl.swift in Sources */,
				2E1DCD262BC92FE4001C2B97 /* Links.swift in Sources */,
				2E1DCD242BC92FB0001C2B97 /* ArtObject.swift in Sources */,
				2E1DCD2A2BC93BBD001C2B97 /* RijksmuseumService.swift in Sources */,
				2E1DCD2D2BC94163001C2B97 /* RijksmuseumListViewModel.swift in Sources */,
				2E1DCD332BC9862E001C2B97 /* URLSession+URLSessionProtocol.swift in Sources */,
				2E32E43A2BC6E32C00D5E4E1 /* ContentView.swift in Sources */,
				2E1DCD222BC92F84001C2B97 /* RijksmuseumResponse.swift in Sources */,
				2E1DCD282BC92FF3001C2B97 /* ArtImage.swift in Sources */,
				2E32E4382BC6E32C00D5E4E1 /* rijksmuseum_iosApp.swift in Sources */,
			);
			runOnlyForDeploymentPostprocessing = 0;
		};
		2E32E4402BC6E32F00D5E4E1 /* Sources */ = {
			isa = PBXSourcesBuildPhase;
			buildActionMask = 2147483647;
			files = (
				2E48BE182BD024E500C53D88 /* Links.swift in Sources */,
				2E48BE172BD024DF00C53D88 /* ArtImage.swift in Sources */,
				2E48BE162BD024D800C53D88 /* RijksmuseumResponse.swift in Sources */,
				2E48BE152BD024D100C53D88 /* ArtObject.swift in Sources */,
				2E1DCD3B2BCAA1D1001C2B97 /* URLSessionProtocol.swift in Sources */,
				2E1DCD3C2BCAA1D7001C2B97 /* URLSession+URLSessionProtocol.swift in Sources */,
				2E1DCD392BCAA1C6001C2B97 /* RijksmuseumService.swift in Sources */,
				2E1DCD3A2BCAA1CD001C2B97 /* RijksmuseumServiceImpl.swift in Sources */,
				2E32E4492BC6E32F00D5E4E1 /* rijksmuseum_iosTests.swift in Sources */,
				2E1DCD382BCAA17E001C2B97 /* RijksmuseumServiceTests.swift in Sources */,
			);
			runOnlyForDeploymentPostprocessing = 0;
		};
		2E32E44A2BC6E32F00D5E4E1 /* Sources */ = {
			isa = PBXSourcesBuildPhase;
			buildActionMask = 2147483647;
			files = (
				2E32E4552BC6E32F00D5E4E1 /* rijksmuseum_iosUITestsLaunchTests.swift in Sources */,
				2E32E4532BC6E32F00D5E4E1 /* rijksmuseum_iosUITests.swift in Sources */,
			);
			runOnlyForDeploymentPostprocessing = 0;
		};
/* End PBXSourcesBuildPhase section */

/* Begin PBXTargetDependency section */
		2E32E4462BC6E32F00D5E4E1 /* PBXTargetDependency */ = {
			isa = PBXTargetDependency;
			target = 2E32E4332BC6E32C00D5E4E1 /* rijksmuseum_ios */;
			targetProxy = 2E32E4452BC6E32F00D5E4E1 /* PBXContainerItemProxy */;
		};
		2E32E4502BC6E32F00D5E4E1 /* PBXTargetDependency */ = {
			isa = PBXTargetDependency;
			target = 2E32E4332BC6E32C00D5E4E1 /* rijksmuseum_ios */;
			targetProxy = 2E32E44F2BC6E32F00D5E4E1 /* PBXContainerItemProxy */;
		};
/* End PBXTargetDependency section */

/* Begin XCBuildConfiguration section */
		2E32E4562BC6E32F00D5E4E1 /* Debug */ = {
			isa = XCBuildConfiguration;
			buildSettings = {
				ALWAYS_SEARCH_USER_PATHS = NO;
				ASSETCATALOG_COMPILER_GENERATE_SWIFT_ASSET_SYMBOL_EXTENSIONS = YES;
				CLANG_ANALYZER_NONNULL = YES;
				CLANG_ANALYZER_NUMBER_OBJECT_CONVERSION = YES_AGGRESSIVE;
				CLANG_CXX_LANGUAGE_STANDARD = "gnu++20";
				CLANG_ENABLE_MODULES = YES;
				CLANG_ENABLE_OBJC_ARC = YES;
				CLANG_ENABLE_OBJC_WEAK = YES;
				CLANG_WARN_BLOCK_CAPTURE_AUTORELEASING = YES;
				CLANG_WARN_BOOL_CONVERSION = YES;
				CLANG_WARN_COMMA = YES;
				CLANG_WARN_CONSTANT_CONVERSION = YES;
				CLANG_WARN_DEPRECATED_OBJC_IMPLEMENTATIONS = YES;
				CLANG_WARN_DIRECT_OBJC_ISA_USAGE = YES_ERROR;
				CLANG_WARN_DOCUMENTATION_COMMENTS = YES;
				CLANG_WARN_EMPTY_BODY = YES;
				CLANG_WARN_ENUM_CONVERSION = YES;
				CLANG_WARN_INFINITE_RECURSION = YES;
				CLANG_WARN_INT_CONVERSION = YES;
				CLANG_WARN_NON_LITERAL_NULL_CONVERSION = YES;
				CLANG_WARN_OBJC_IMPLICIT_RETAIN_SELF = YES;
				CLANG_WARN_OBJC_LITERAL_CONVERSION = YES;
				CLANG_WARN_OBJC_ROOT_CLASS = YES_ERROR;
				CLANG_WARN_QUOTED_INCLUDE_IN_FRAMEWORK_HEADER = YES;
				CLANG_WARN_RANGE_LOOP_ANALYSIS = YES;
				CLANG_WARN_STRICT_PROTOTYPES = YES;
				CLANG_WARN_SUSPICIOUS_MOVE = YES;
				CLANG_WARN_UNGUARDED_AVAILABILITY = YES_AGGRESSIVE;
				CLANG_WARN_UNREACHABLE_CODE = YES;
				CLANG_WARN__DUPLICATE_METHOD_MATCH = YES;
				COPY_PHASE_STRIP = NO;
				DEBUG_INFORMATION_FORMAT = dwarf;
				ENABLE_STRICT_OBJC_MSGSEND = YES;
				ENABLE_TESTABILITY = YES;
				ENABLE_USER_SCRIPT_SANDBOXING = YES;
				GCC_C_LANGUAGE_STANDARD = gnu17;
				GCC_DYNAMIC_NO_PIC = NO;
				GCC_NO_COMMON_BLOCKS = YES;
				GCC_OPTIMIZATION_LEVEL = 0;
				GCC_PREPROCESSOR_DEFINITIONS = (
					"DEBUG=1",
					"$(inherited)",
				);
				GCC_WARN_64_TO_32_BIT_CONVERSION = YES;
				GCC_WARN_ABOUT_RETURN_TYPE = YES_ERROR;
				GCC_WARN_UNDECLARED_SELECTOR = YES;
				GCC_WARN_UNINITIALIZED_AUTOS = YES_AGGRESSIVE;
				GCC_WARN_UNUSED_FUNCTION = YES;
				GCC_WARN_UNUSED_VARIABLE = YES;
				IPHONEOS_DEPLOYMENT_TARGET = 17.2;
				LOCALIZATION_PREFERS_STRING_CATALOGS = YES;
				MTL_ENABLE_DEBUG_INFO = INCLUDE_SOURCE;
				MTL_FAST_MATH = YES;
				ONLY_ACTIVE_ARCH = YES;
				SDKROOT = iphoneos;
				SWIFT_ACTIVE_COMPILATION_CONDITIONS = "DEBUG $(inherited)";
				SWIFT_OPTIMIZATION_LEVEL = "-Onone";
			};
			name = Debug;
		};
		2E32E4572BC6E32F00D5E4E1 /* Release */ = {
			isa = XCBuildConfiguration;
			buildSettings = {
				ALWAYS_SEARCH_USER_PATHS = NO;
				ASSETCATALOG_COMPILER_GENERATE_SWIFT_ASSET_SYMBOL_EXTENSIONS = YES;
				CLANG_ANALYZER_NONNULL = YES;
				CLANG_ANALYZER_NUMBER_OBJECT_CONVERSION = YES_AGGRESSIVE;
				CLANG_CXX_LANGUAGE_STANDARD = "gnu++20";
				CLANG_ENABLE_MODULES = YES;
				CLANG_ENABLE_OBJC_ARC = YES;
				CLANG_ENABLE_OBJC_WEAK = YES;
				CLANG_WARN_BLOCK_CAPTURE_AUTORELEASING = YES;
				CLANG_WARN_BOOL_CONVERSION = YES;
				CLANG_WARN_COMMA = YES;
				CLANG_WARN_CONSTANT_CONVERSION = YES;
				CLANG_WARN_DEPRECATED_OBJC_IMPLEMENTATIONS = YES;
				CLANG_WARN_DIRECT_OBJC_ISA_USAGE = YES_ERROR;
				CLANG_WARN_DOCUMENTATION_COMMENTS = YES;
				CLANG_WARN_EMPTY_BODY = YES;
				CLANG_WARN_ENUM_CONVERSION = YES;
				CLANG_WARN_INFINITE_RECURSION = YES;
				CLANG_WARN_INT_CONVERSION = YES;
				CLANG_WARN_NON_LITERAL_NULL_CONVERSION = YES;
				CLANG_WARN_OBJC_IMPLICIT_RETAIN_SELF = YES;
				CLANG_WARN_OBJC_LITERAL_CONVERSION = YES;
				CLANG_WARN_OBJC_ROOT_CLASS = YES_ERROR;
				CLANG_WARN_QUOTED_INCLUDE_IN_FRAMEWORK_HEADER = YES;
				CLANG_WARN_RANGE_LOOP_ANALYSIS = YES;
				CLANG_WARN_STRICT_PROTOTYPES = YES;
				CLANG_WARN_SUSPICIOUS_MOVE = YES;
				CLANG_WARN_UNGUARDED_AVAILABILITY = YES_AGGRESSIVE;
				CLANG_WARN_UNREACHABLE_CODE = YES;
				CLANG_WARN__DUPLICATE_METHOD_MATCH = YES;
				COPY_PHASE_STRIP = NO;
				DEBUG_INFORMATION_FORMAT = "dwarf-with-dsym";
				ENABLE_NS_ASSERTIONS = NO;
				ENABLE_STRICT_OBJC_MSGSEND = YES;
				ENABLE_USER_SCRIPT_SANDBOXING = YES;
				GCC_C_LANGUAGE_STANDARD = gnu17;
				GCC_NO_COMMON_BLOCKS = YES;
				GCC_WARN_64_TO_32_BIT_CONVERSION = YES;
				GCC_WARN_ABOUT_RETURN_TYPE = YES_ERROR;
				GCC_WARN_UNDECLARED_SELECTOR = YES;
				GCC_WARN_UNINITIALIZED_AUTOS = YES_AGGRESSIVE;
				GCC_WARN_UNUSED_FUNCTION = YES;
				GCC_WARN_UNUSED_VARIABLE = YES;
				IPHONEOS_DEPLOYMENT_TARGET = 17.2;
				LOCALIZATION_PREFERS_STRING_CATALOGS = YES;
				MTL_ENABLE_DEBUG_INFO = NO;
				MTL_FAST_MATH = YES;
				SDKROOT = iphoneos;
				SWIFT_COMPILATION_MODE = wholemodule;
				VALIDATE_PRODUCT = YES;
			};
			name = Release;
		};
		2E32E4592BC6E32F00D5E4E1 /* Debug */ = {
			isa = XCBuildConfiguration;
			buildSettings = {
				ASSETCATALOG_COMPILER_APPICON_NAME = AppIcon;
				ASSETCATALOG_COMPILER_GLOBAL_ACCENT_COLOR_NAME = AccentColor;
				CODE_SIGN_STYLE = Automatic;
				CURRENT_PROJECT_VERSION = 1;
				DEVELOPMENT_ASSET_PATHS = "\"rijksmuseum_ios/Preview Content\"";
				ENABLE_PREVIEWS = YES;
				GENERATE_INFOPLIST_FILE = YES;
				INFOPLIST_KEY_UIApplicationSceneManifest_Generation = YES;
				INFOPLIST_KEY_UIApplicationSupportsIndirectInputEvents = YES;
				INFOPLIST_KEY_UILaunchScreen_Generation = YES;
				INFOPLIST_KEY_UISupportedInterfaceOrientations_iPad = "UIInterfaceOrientationPortrait UIInterfaceOrientationPortraitUpsideDown UIInterfaceOrientationLandscapeLeft UIInterfaceOrientationLandscapeRight";
				INFOPLIST_KEY_UISupportedInterfaceOrientations_iPhone = "UIInterfaceOrientationPortrait UIInterfaceOrientationLandscapeLeft UIInterfaceOrientationLandscapeRight";
				LD_RUNPATH_SEARCH_PATHS = (
					"$(inherited)",
					"@executable_path/Frameworks",
				);
				MARKETING_VERSION = 1.0;
				PRODUCT_BUNDLE_IDENTIFIER = "com.illiavlasov.rijksmuseum-ios";
				PRODUCT_NAME = "$(TARGET_NAME)";
				SWIFT_EMIT_LOC_STRINGS = YES;
				SWIFT_VERSION = 5.0;
				TARGETED_DEVICE_FAMILY = "1,2";
			};
			name = Debug;
		};
		2E32E45A2BC6E32F00D5E4E1 /* Release */ = {
			isa = XCBuildConfiguration;
			buildSettings = {
				ASSETCATALOG_COMPILER_APPICON_NAME = AppIcon;
				ASSETCATALOG_COMPILER_GLOBAL_ACCENT_COLOR_NAME = AccentColor;
				CODE_SIGN_STYLE = Automatic;
				CURRENT_PROJECT_VERSION = 1;
				DEVELOPMENT_ASSET_PATHS = "\"rijksmuseum_ios/Preview Content\"";
				ENABLE_PREVIEWS = YES;
				GENERATE_INFOPLIST_FILE = YES;
				INFOPLIST_KEY_UIApplicationSceneManifest_Generation = YES;
				INFOPLIST_KEY_UIApplicationSupportsIndirectInputEvents = YES;
				INFOPLIST_KEY_UILaunchScreen_Generation = YES;
				INFOPLIST_KEY_UISupportedInterfaceOrientations_iPad = "UIInterfaceOrientationPortrait UIInterfaceOrientationPortraitUpsideDown UIInterfaceOrientationLandscapeLeft UIInterfaceOrientationLandscapeRight";
				INFOPLIST_KEY_UISupportedInterfaceOrientations_iPhone = "UIInterfaceOrientationPortrait UIInterfaceOrientationLandscapeLeft UIInterfaceOrientationLandscapeRight";
				LD_RUNPATH_SEARCH_PATHS = (
					"$(inherited)",
					"@executable_path/Frameworks",
				);
				MARKETING_VERSION = 1.0;
				PRODUCT_BUNDLE_IDENTIFIER = "com.illiavlasov.rijksmuseum-ios";
				PRODUCT_NAME = "$(TARGET_NAME)";
				SWIFT_EMIT_LOC_STRINGS = YES;
				SWIFT_VERSION = 5.0;
				TARGETED_DEVICE_FAMILY = "1,2";
			};
			name = Release;
		};
		2E32E45C2BC6E32F00D5E4E1 /* Debug */ = {
			isa = XCBuildConfiguration;
			buildSettings = {
				ALWAYS_EMBED_SWIFT_STANDARD_LIBRARIES = YES;
				BUNDLE_LOADER = "$(TEST_HOST)";
				CODE_SIGN_STYLE = Automatic;
				CURRENT_PROJECT_VERSION = 1;
				GENERATE_INFOPLIST_FILE = YES;
				IPHONEOS_DEPLOYMENT_TARGET = 17.2;
				MARKETING_VERSION = 1.0;
				PRODUCT_BUNDLE_IDENTIFIER = "com.illiavlasov.rijksmuseum-iosTests";
				PRODUCT_NAME = "$(TARGET_NAME)";
				SWIFT_EMIT_LOC_STRINGS = NO;
				SWIFT_VERSION = 5.0;
				TARGETED_DEVICE_FAMILY = "1,2";
				TEST_HOST = "$(BUILT_PRODUCTS_DIR)/rijksmuseum_ios.app/$(BUNDLE_EXECUTABLE_FOLDER_PATH)/rijksmuseum_ios";
			};
			name = Debug;
		};
		2E32E45D2BC6E32F00D5E4E1 /* Release */ = {
			isa = XCBuildConfiguration;
			buildSettings = {
				ALWAYS_EMBED_SWIFT_STANDARD_LIBRARIES = YES;
				BUNDLE_LOADER = "$(TEST_HOST)";
				CODE_SIGN_STYLE = Automatic;
				CURRENT_PROJECT_VERSION = 1;
				GENERATE_INFOPLIST_FILE = YES;
				IPHONEOS_DEPLOYMENT_TARGET = 17.2;
				MARKETING_VERSION = 1.0;
				PRODUCT_BUNDLE_IDENTIFIER = "com.illiavlasov.rijksmuseum-iosTests";
				PRODUCT_NAME = "$(TARGET_NAME)";
				SWIFT_EMIT_LOC_STRINGS = NO;
				SWIFT_VERSION = 5.0;
				TARGETED_DEVICE_FAMILY = "1,2";
				TEST_HOST = "$(BUILT_PRODUCTS_DIR)/rijksmuseum_ios.app/$(BUNDLE_EXECUTABLE_FOLDER_PATH)/rijksmuseum_ios";
			};
			name = Release;
		};
		2E32E45F2BC6E32F00D5E4E1 /* Debug */ = {
			isa = XCBuildConfiguration;
			buildSettings = {
				ALWAYS_EMBED_SWIFT_STANDARD_LIBRARIES = YES;
				CODE_SIGN_STYLE = Automatic;
				CURRENT_PROJECT_VERSION = 1;
				GENERATE_INFOPLIST_FILE = YES;
				MARKETING_VERSION = 1.0;
				PRODUCT_BUNDLE_IDENTIFIER = "com.illiavlasov.rijksmuseum-iosUITests";
				PRODUCT_NAME = "$(TARGET_NAME)";
				SWIFT_EMIT_LOC_STRINGS = NO;
				SWIFT_VERSION = 5.0;
				TARGETED_DEVICE_FAMILY = "1,2";
				TEST_TARGET_NAME = rijksmuseum_ios;
			};
			name = Debug;
		};
		2E32E4602BC6E32F00D5E4E1 /* Release */ = {
			isa = XCBuildConfiguration;
			buildSettings = {
				ALWAYS_EMBED_SWIFT_STANDARD_LIBRARIES = YES;
				CODE_SIGN_STYLE = Automatic;
				CURRENT_PROJECT_VERSION = 1;
				GENERATE_INFOPLIST_FILE = YES;
				MARKETING_VERSION = 1.0;
				PRODUCT_BUNDLE_IDENTIFIER = "com.illiavlasov.rijksmuseum-iosUITests";
				PRODUCT_NAME = "$(TARGET_NAME)";
				SWIFT_EMIT_LOC_STRINGS = NO;
				SWIFT_VERSION = 5.0;
				TARGETED_DEVICE_FAMILY = "1,2";
				TEST_TARGET_NAME = rijksmuseum_ios;
			};
			name = Release;
		};
/* End XCBuildConfiguration section */

/* Begin XCConfigurationList section */
		2E32E42F2BC6E32C00D5E4E1 /* Build configuration list for PBXProject "rijksmuseum_ios" */ = {
			isa = XCConfigurationList;
			buildConfigurations = (
				2E32E4562BC6E32F00D5E4E1 /* Debug */,
				2E32E4572BC6E32F00D5E4E1 /* Release */,
			);
			defaultConfigurationIsVisible = 0;
			defaultConfigurationName = Release;
		};
		2E32E4582BC6E32F00D5E4E1 /* Build configuration list for PBXNativeTarget "rijksmuseum_ios" */ = {
			isa = XCConfigurationList;
			buildConfigurations = (
				2E32E4592BC6E32F00D5E4E1 /* Debug */,
				2E32E45A2BC6E32F00D5E4E1 /* Release */,
			);
			defaultConfigurationIsVisible = 0;
			defaultConfigurationName = Release;
		};
		2E32E45B2BC6E32F00D5E4E1 /* Build configuration list for PBXNativeTarget "rijksmuseum_iosTests" */ = {
			isa = XCConfigurationList;
			buildConfigurations = (
				2E32E45C2BC6E32F00D5E4E1 /* Debug */,
				2E32E45D2BC6E32F00D5E4E1 /* Release */,
			);
			defaultConfigurationIsVisible = 0;
			defaultConfigurationName = Release;
		};
		2E32E45E2BC6E32F00D5E4E1 /* Build configuration list for PBXNativeTarget "rijksmuseum_iosUITests" */ = {
			isa = XCConfigurationList;
			buildConfigurations = (
				2E32E45F2BC6E32F00D5E4E1 /* Debug */,
				2E32E4602BC6E32F00D5E4E1 /* Release */,
			);
			defaultConfigurationIsVisible = 0;
			defaultConfigurationName = Release;
		};
/* End XCConfigurationList section */

/* Begin XCRemoteSwiftPackageReference section */
		2E4BD30A2BCDA06500C88682 /* XCRemoteSwiftPackageReference "Quick" */ = {
			isa = XCRemoteSwiftPackageReference;
			repositoryURL = "https://github.com/Quick/Quick.git";
			requirement = {
				branch = main;
				kind = branch;
			};
		};
		2E4BD30D2BCDA07600C88682 /* XCRemoteSwiftPackageReference "Nimble" */ = {
			isa = XCRemoteSwiftPackageReference;
			repositoryURL = "https://github.com/Quick/Nimble.git";
			requirement = {
				branch = main;
				kind = branch;
			};
		};
/* End XCRemoteSwiftPackageReference section */

/* Begin XCSwiftPackageProductDependency section */
		2E4BD30B2BCDA06500C88682 /* Quick */ = {
			isa = XCSwiftPackageProductDependency;
			package = 2E4BD30A2BCDA06500C88682 /* XCRemoteSwiftPackageReference "Quick" */;
			productName = Quick;
		};
		2E4BD30E2BCDA07600C88682 /* Nimble */ = {
			isa = XCSwiftPackageProductDependency;
			package = 2E4BD30D2BCDA07600C88682 /* XCRemoteSwiftPackageReference "Nimble" */;
			productName = Nimble;
		};
/* End XCSwiftPackageProductDependency section */
	};
	rootObject = 2E32E42C2BC6E32C00D5E4E1 /* Project object */;
}
